{
  "nodes": {
    "nixpkgs": {
      "locked": {
        "lastModified": 1741402956,
        "narHash": "sha256-y2hByvBM03s9T2fpeLjW6iprbxnhV9mJMmSwCHc41ZQ=",
        "owner": "nixos",
        "repo": "nixpkgs",
        "rev": "ed0b1881565c1ffef490c10d663d4f542031dad3",
        "type": "github"
      },
      "original": {
        "owner": "nixos",
        "ref": "nixpkgs-unstable",
        "repo": "nixpkgs",
        "type": "github"
      }
    },
    "root": {
      "inputs": {
        "nixpkgs": "nixpkgs",
        "tdlib_src": "tdlib_src"
      }
    },
    "tdlib_src": {
      "flake": false,
      "locked": {
        "lastModified": 1741355106,
        "narHash": "sha256-+cqdRp+J/W1Cyh+TqbglaerN4w3AVGp5NC5JLVK5e3k=",
        "owner": "tdlib",
        "repo": "td",
        "rev": "207f3be7b58b2a2b9f0a066b5b6ef18782b8b517",
        "type": "github"
      },
      "original": {
        "owner": "tdlib",
        "repo": "td",
        "type": "github"
      }
    }
  },
  "root": "root",
  "version": 7
}
